
Microsoft Visual Studio Solution File, Format Version 12.00
# Visual Studio Version 16
VisualStudioVersion = 16.0.31911.196
MinimumVisualStudioVersion = 10.0.40219.1
Project("{FAE04EC0-301F-11D3-BF4B-00C04F79EFBC}") = "AICourseAPI", "AICourseAPI.csproj", "{6FECC6A1-AEE4-4566-BAA0-18868C81123E}"
EndProject
Global
	GlobalSection(SolutionConfigurationPlatforms) = preSolution
		Debug|Any CPU = Debug|Any CPU
		Release|Any CPU = Release|Any CPU
	EndGlobalSection
	GlobalSection(ProjectConfigurationPlatforms) = postSolution
		{6FECC6A1-AEE4-4566-BAA0-18868C81123E}.Debug|Any CPU.ActiveCfg = Debug|Any CPU
		{6FECC6A1-AEE4-4566-BAA0-18868C81123E}.Debug|Any CPU.Build.0 = Debug|Any CPU
		{6FECC6A1-AEE4-4566-BAA0-18868C81123E}.Release|Any CPU.ActiveCfg = Release|Any CPU
		{6FECC6A1-AEE4-4566-BAA0-18868C81123E}.Release|Any CPU.Build.0 = Release|Any CPU
	EndGlobalSection
	GlobalSection(SolutionProperties) = preSolution
		HideSolutionNode = FALSE
	EndGlobalSection
	GlobalSection(ExtensibilityGlobals) = postSolution
		SolutionGuid = {F0670E55-05B2-4675-BA18-A3C8222CCD70}
	EndGlobalSection
EndGlobal
